version = 1
revision = 1
requires-python = ">=3.12"

[[package]]
name = "arrow"
version = "1.3.0"
source = { registry = "https://pypi.org/simple" }
dependencies = [
    { name = "python-dateutil" },
    { name = "types-python-dateutil" },
]
sdist = { url = "https://files.pythonhosted.org/packages/2e/00/0f6e8fcdb23ea632c866620cc872729ff43ed91d284c866b515c6342b173/arrow-1.3.0.tar.gz", hash = "sha256:d4540617648cb5f895730f1ad8c82a65f2dad0166f57b75f3ca54759c4d67a85", size = 131960 }
wheels = [
    { url = "https://files.pythonhosted.org/packages/f8/ed/e97229a566617f2ae958a6b13e7cc0f585470eac730a73e9e82c32a3cdd2/arrow-1.3.0-py3-none-any.whl", hash = "sha256:c728b120ebc00eb84e01882a6f5e7927a53960aa990ce7dd2b10f39005a67f80", size = 66419 },
]

[[package]]
name = "autopep8"
version = "2.3.2"
source = { registry = "https://pypi.org/simple" }
dependencies = [
    { name = "pycodestyle" },
]
sdist = { url = "https://files.pythonhosted.org/packages/50/d8/30873d2b7b57dee9263e53d142da044c4600a46f2d28374b3e38b023df16/autopep8-2.3.2.tar.gz", hash = "sha256:89440a4f969197b69a995e4ce0661b031f455a9f776d2c5ba3dbd83466931758", size = 92210 }
wheels = [
    { url = "https://files.pythonhosted.org/packages/9e/43/53afb8ba17218f19b77c7834128566c5bbb100a0ad9ba2e8e89d089d7079/autopep8-2.3.2-py2.py3-none-any.whl", hash = "sha256:ce8ad498672c845a0c3de2629c15b635ec2b05ef8177a6e7c91c74f3e9b51128", size = 45807 },
]

[[package]]
name = "boto3"
version = "1.37.36"
source = { registry = "https://pypi.org/simple" }
dependencies = [
    { name = "botocore" },
    { name = "jmespath" },
    { name = "s3transfer" },
]
sdist = { url = "https://files.pythonhosted.org/packages/b0/79/dd4add0d373930d928337ceb15afaf8083ce924f01b006a5af3df0a8cf6e/boto3-1.37.36.tar.gz", hash = "sha256:3012bb083a7d7653f117a1d53bdd8a4185b59afed74422eaa32d06f55bd411ee", size = 111649 }
wheels = [
    { url = "https://files.pythonhosted.org/packages/f4/ea/b53c9b7bd26160f37a58f9a0cd6b6b794a969f1a0b88ba05e391d5b2ec1c/boto3-1.37.36-py3-none-any.whl", hash = "sha256:1ff9a15413b9a07d147ac143ad5eb7d1935ea0db96757211b5e6e148b1399850", size = 139921 },
]

[[package]]
name = "botocore"
version = "1.37.36"
source = { registry = "https://pypi.org/simple" }
dependencies = [
    { name = "jmespath" },
    { name = "python-dateutil" },
    { name = "urllib3" },
]
sdist = { url = "https://files.pythonhosted.org/packages/32/f0/4c67f62ca846f64264342e1524ed7a0318cd6816f37db6007e5f30faa59c/botocore-1.37.36.tar.gz", hash = "sha256:89cf1ca101432adc391e5604ab45851346b8f3a72e5a468fa0ec7a99a5ea3efc", size = 13826204 }
wheels = [
    { url = "https://files.pythonhosted.org/packages/dc/ea/b8577e9129e0a88883394e4ceb14728bce03cb5053cd3ad6e9f5ae829e2b/botocore-1.37.36-py3-none-any.whl", hash = "sha256:3dcc41a40a868f599bd9ea64f78c6640025df7810c939505d859979e4688b1ae", size = 13493545 },
]

[[package]]
name = "certifi"
version = "2025.1.31"
source = { registry = "https://pypi.org/simple" }
sdist = { url = "https://files.pythonhosted.org/packages/1c/ab/c9f1e32b7b1bf505bf26f0ef697775960db7932abeb7b516de930ba2705f/certifi-2025.1.31.tar.gz", hash = "sha256:3d5da6925056f6f18f119200434a4780a94263f10d1c21d032a6f6b2baa20651", size = 167577 }
wheels = [
    { url = "https://files.pythonhosted.org/packages/38/fc/bce832fd4fd99766c04d1ee0eead6b0ec6486fb100ae5e74c1d91292b982/certifi-2025.1.31-py3-none-any.whl", hash = "sha256:ca78db4565a652026a4db2bcdf68f2fb589ea80d0be70e03929ed730746b84fe", size = 166393 },
]

[[package]]
name = "charset-normalizer"
version = "3.4.1"
source = { registry = "https://pypi.org/simple" }
sdist = { url = "https://files.pythonhosted.org/packages/16/b0/572805e227f01586461c80e0fd25d65a2115599cc9dad142fee4b747c357/charset_normalizer-3.4.1.tar.gz", hash = "sha256:44251f18cd68a75b56585dd00dae26183e102cd5e0f9f1466e6df5da2ed64ea3", size = 123188 }
wheels = [
    { url = "https://files.pythonhosted.org/packages/0a/9a/dd1e1cdceb841925b7798369a09279bd1cf183cef0f9ddf15a3a6502ee45/charset_normalizer-3.4.1-cp312-cp312-macosx_10_13_universal2.whl", hash = "sha256:73d94b58ec7fecbc7366247d3b0b10a21681004153238750bb67bd9012414545", size = 196105 },
    { url = "https://files.pythonhosted.org/packages/d3/8c/90bfabf8c4809ecb648f39794cf2a84ff2e7d2a6cf159fe68d9a26160467/charset_normalizer-3.4.1-cp312-cp312-manylinux_2_17_aarch64.manylinux2014_aarch64.whl", hash = "sha256:dad3e487649f498dd991eeb901125411559b22e8d7ab25d3aeb1af367df5efd7", size = 140404 },
    { url = "https://files.pythonhosted.org/packages/ad/8f/e410d57c721945ea3b4f1a04b74f70ce8fa800d393d72899f0a40526401f/charset_normalizer-3.4.1-cp312-cp312-manylinux_2_17_ppc64le.manylinux2014_ppc64le.whl", hash = "sha256:c30197aa96e8eed02200a83fba2657b4c3acd0f0aa4bdc9f6c1af8e8962e0757", size = 150423 },
    { url = "https://files.pythonhosted.org/packages/f0/b8/e6825e25deb691ff98cf5c9072ee0605dc2acfca98af70c2d1b1bc75190d/charset_normalizer-3.4.1-cp312-cp312-manylinux_2_17_s390x.manylinux2014_s390x.whl", hash = "sha256:2369eea1ee4a7610a860d88f268eb39b95cb588acd7235e02fd5a5601773d4fa", size = 143184 },
    { url = "https://files.pythonhosted.org/packages/3e/a2/513f6cbe752421f16d969e32f3583762bfd583848b763913ddab8d9bfd4f/charset_normalizer-3.4.1-cp312-cp312-manylinux_2_17_x86_64.manylinux2014_x86_64.whl", hash = "sha256:bc2722592d8998c870fa4e290c2eec2c1569b87fe58618e67d38b4665dfa680d", size = 145268 },
    { url = "https://files.pythonhosted.org/packages/74/94/8a5277664f27c3c438546f3eb53b33f5b19568eb7424736bdc440a88a31f/charset_normalizer-3.4.1-cp312-cp312-manylinux_2_5_i686.manylinux1_i686.manylinux_2_17_i686.manylinux2014_i686.whl", hash = "sha256:ffc9202a29ab3920fa812879e95a9e78b2465fd10be7fcbd042899695d75e616", size = 147601 },
    { url = "https://files.pythonhosted.org/packages/7c/5f/6d352c51ee763623a98e31194823518e09bfa48be2a7e8383cf691bbb3d0/charset_normalizer-3.4.1-cp312-cp312-musllinux_1_2_aarch64.whl", hash = "sha256:804a4d582ba6e5b747c625bf1255e6b1507465494a40a2130978bda7b932c90b", size = 141098 },
    { url = "https://files.pythonhosted.org/packages/78/d4/f5704cb629ba5ab16d1d3d741396aec6dc3ca2b67757c45b0599bb010478/charset_normalizer-3.4.1-cp312-cp312-musllinux_1_2_i686.whl", hash = "sha256:0f55e69f030f7163dffe9fd0752b32f070566451afe180f99dbeeb81f511ad8d", size = 149520 },
    { url = "https://files.pythonhosted.org/packages/c5/96/64120b1d02b81785f222b976c0fb79a35875457fa9bb40827678e54d1bc8/charset_normalizer-3.4.1-cp312-cp312-musllinux_1_2_ppc64le.whl", hash = "sha256:c4c3e6da02df6fa1410a7680bd3f63d4f710232d3139089536310d027950696a", size = 152852 },
    { url = "https://files.pythonhosted.org/packages/84/c9/98e3732278a99f47d487fd3468bc60b882920cef29d1fa6ca460a1fdf4e6/charset_normalizer-3.4.1-cp312-cp312-musllinux_1_2_s390x.whl", hash = "sha256:5df196eb874dae23dcfb968c83d4f8fdccb333330fe1fc278ac5ceeb101003a9", size = 150488 },
    { url = "https://files.pythonhosted.org/packages/13/0e/9c8d4cb99c98c1007cc11eda969ebfe837bbbd0acdb4736d228ccaabcd22/charset_normalizer-3.4.1-cp312-cp312-musllinux_1_2_x86_64.whl", hash = "sha256:e358e64305fe12299a08e08978f51fc21fac060dcfcddd95453eabe5b93ed0e1", size = 146192 },
    { url = "https://files.pythonhosted.org/packages/b2/21/2b6b5b860781a0b49427309cb8670785aa543fb2178de875b87b9cc97746/charset_normalizer-3.4.1-cp312-cp312-win32.whl", hash = "sha256:9b23ca7ef998bc739bf6ffc077c2116917eabcc901f88da1b9856b210ef63f35", size = 95550 },
    { url = "https://files.pythonhosted.org/packages/21/5b/1b390b03b1d16c7e382b561c5329f83cc06623916aab983e8ab9239c7d5c/charset_normalizer-3.4.1-cp312-cp312-win_amd64.whl", hash = "sha256:6ff8a4a60c227ad87030d76e99cd1698345d4491638dfa6673027c48b3cd395f", size = 102785 },
    { url = "https://files.pythonhosted.org/packages/38/94/ce8e6f63d18049672c76d07d119304e1e2d7c6098f0841b51c666e9f44a0/charset_normalizer-3.4.1-cp313-cp313-macosx_10_13_universal2.whl", hash = "sha256:aabfa34badd18f1da5ec1bc2715cadc8dca465868a4e73a0173466b688f29dda", size = 195698 },
    { url = "https://files.pythonhosted.org/packages/24/2e/dfdd9770664aae179a96561cc6952ff08f9a8cd09a908f259a9dfa063568/charset_normalizer-3.4.1-cp313-cp313-manylinux_2_17_aarch64.manylinux2014_aarch64.whl", hash = "sha256:22e14b5d70560b8dd51ec22863f370d1e595ac3d024cb8ad7d308b4cd95f8313", size = 140162 },
    { url = "https://files.pythonhosted.org/packages/24/4e/f646b9093cff8fc86f2d60af2de4dc17c759de9d554f130b140ea4738ca6/charset_normalizer-3.4.1-cp313-cp313-manylinux_2_17_ppc64le.manylinux2014_ppc64le.whl", hash = "sha256:8436c508b408b82d87dc5f62496973a1805cd46727c34440b0d29d8a2f50a6c9", size = 150263 },
    { url = "https://files.pythonhosted.org/packages/5e/67/2937f8d548c3ef6e2f9aab0f6e21001056f692d43282b165e7c56023e6dd/charset_normalizer-3.4.1-cp313-cp313-manylinux_2_17_s390x.manylinux2014_s390x.whl", hash = "sha256:2d074908e1aecee37a7635990b2c6d504cd4766c7bc9fc86d63f9c09af3fa11b", size = 142966 },
    { url = "https://files.pythonhosted.org/packages/52/ed/b7f4f07de100bdb95c1756d3a4d17b90c1a3c53715c1a476f8738058e0fa/charset_normalizer-3.4.1-cp313-cp313-manylinux_2_17_x86_64.manylinux2014_x86_64.whl", hash = "sha256:955f8851919303c92343d2f66165294848d57e9bba6cf6e3625485a70a038d11", size = 144992 },
    { url = "https://files.pythonhosted.org/packages/96/2c/d49710a6dbcd3776265f4c923bb73ebe83933dfbaa841c5da850fe0fd20b/charset_normalizer-3.4.1-cp313-cp313-manylinux_2_5_i686.manylinux1_i686.manylinux_2_17_i686.manylinux2014_i686.whl", hash = "sha256:44ecbf16649486d4aebafeaa7ec4c9fed8b88101f4dd612dcaf65d5e815f837f", size = 147162 },
    { url = "https://files.pythonhosted.org/packages/b4/41/35ff1f9a6bd380303dea55e44c4933b4cc3c4850988927d4082ada230273/charset_normalizer-3.4.1-cp313-cp313-musllinux_1_2_aarch64.whl", hash = "sha256:0924e81d3d5e70f8126529951dac65c1010cdf117bb75eb02dd12339b57749dd", size = 140972 },
    { url = "https://files.pythonhosted.org/packages/fb/43/c6a0b685fe6910d08ba971f62cd9c3e862a85770395ba5d9cad4fede33ab/charset_normalizer-3.4.1-cp313-cp313-musllinux_1_2_i686.whl", hash = "sha256:2967f74ad52c3b98de4c3b32e1a44e32975e008a9cd2a8cc8966d6a5218c5cb2", size = 149095 },
    { url = "https://files.pythonhosted.org/packages/4c/ff/a9a504662452e2d2878512115638966e75633519ec11f25fca3d2049a94a/charset_normalizer-3.4.1-cp313-cp313-musllinux_1_2_ppc64le.whl", hash = "sha256:c75cb2a3e389853835e84a2d8fb2b81a10645b503eca9bcb98df6b5a43eb8886", size = 152668 },
    { url = "https://files.pythonhosted.org/packages/6c/71/189996b6d9a4b932564701628af5cee6716733e9165af1d5e1b285c530ed/charset_normalizer-3.4.1-cp313-cp313-musllinux_1_2_s390x.whl", hash = "sha256:09b26ae6b1abf0d27570633b2b078a2a20419c99d66fb2823173d73f188ce601", size = 150073 },
    { url = "https://files.pythonhosted.org/packages/e4/93/946a86ce20790e11312c87c75ba68d5f6ad2208cfb52b2d6a2c32840d922/charset_normalizer-3.4.1-cp313-cp313-musllinux_1_2_x86_64.whl", hash = "sha256:fa88b843d6e211393a37219e6a1c1df99d35e8fd90446f1118f4216e307e48cd", size = 145732 },
    { url = "https://files.pythonhosted.org/packages/cd/e5/131d2fb1b0dddafc37be4f3a2fa79aa4c037368be9423061dccadfd90091/charset_normalizer-3.4.1-cp313-cp313-win32.whl", hash = "sha256:eb8178fe3dba6450a3e024e95ac49ed3400e506fd4e9e5c32d30adda88cbd407", size = 95391 },
    { url = "https://files.pythonhosted.org/packages/27/f2/4f9a69cc7712b9b5ad8fdb87039fd89abba997ad5cbe690d1835d40405b0/charset_normalizer-3.4.1-cp313-cp313-win_amd64.whl", hash = "sha256:b1ac5992a838106edb89654e0aebfc24f5848ae2547d22c2c3f66454daa11971", size = 102702 },
    { url = "https://files.pythonhosted.org/packages/0e/f6/65ecc6878a89bb1c23a086ea335ad4bf21a588990c3f535a227b9eea9108/charset_normalizer-3.4.1-py3-none-any.whl", hash = "sha256:d98b1668f06378c6dbefec3b92299716b931cd4e6061f3c875a71ced1780ab85", size = 49767 },
]

[[package]]
name = "click"
version = "8.1.8"
source = { registry = "https://pypi.org/simple" }
dependencies = [
    { name = "colorama", marker = "sys_platform == 'win32'" },
]
sdist = { url = "https://files.pythonhosted.org/packages/b9/2e/0090cbf739cee7d23781ad4b89a9894a41538e4fcf4c31dcdd705b78eb8b/click-8.1.8.tar.gz", hash = "sha256:ed53c9d8990d83c2a27deae68e4ee337473f6330c040a31d4225c9574d16096a", size = 226593 }
wheels = [
    { url = "https://files.pythonhosted.org/packages/7e/d4/7ebdbd03970677812aac39c869717059dbb71a4cfc033ca6e5221787892c/click-8.1.8-py3-none-any.whl", hash = "sha256:63c132bbbed01578a06712a2d1f497bb62d9c1c0d329b7903a866228027263b2", size = 98188 },
]

[[package]]
name = "colorama"
version = "0.4.6"
source = { registry = "https://pypi.org/simple" }
sdist = { url = "https://files.pythonhosted.org/packages/d8/53/6f443c9a4a8358a93a6792e2acffb9d9d5cb0a5cfd8802644b7b1c9a02e4/colorama-0.4.6.tar.gz", hash = "sha256:08695f5cb7ed6e0531a20572697297273c47b8cae5a63ffc6d6ed5c201be6e44", size = 27697 }
wheels = [
    { url = "https://files.pythonhosted.org/packages/d1/d6/3965ed04c63042e047cb6a3e6ed1a63a35087b6a609aa3a15ed8ac56c221/colorama-0.4.6-py2.py3-none-any.whl", hash = "sha256:4f1d9991f5acc0ca119f9d443620b77f9d6b33703e51011c16baf57afb285fc6", size = 25335 },
]

[[package]]
name = "idna"
version = "3.10"
source = { registry = "https://pypi.org/simple" }
sdist = { url = "https://files.pythonhosted.org/packages/f1/70/7703c29685631f5a7590aa73f1f1d3fa9a380e654b86af429e0934a32f7d/idna-3.10.tar.gz", hash = "sha256:12f65c9b470abda6dc35cf8e63cc574b1c52b11df2c86030af0ac09b01b13ea9", size = 190490 }
wheels = [
    { url = "https://files.pythonhosted.org/packages/76/c6/c88e154df9c4e1a2a66ccf0005a88dfb2650c1dffb6f5ce603dfbd452ce3/idna-3.10-py3-none-any.whl", hash = "sha256:946d195a0d259cbba61165e88e65941f16e9b36ea6ddb97f00452bae8b1287d3", size = 70442 },
]

[[package]]
name = "isort"
version = "6.0.1"
source = { registry = "https://pypi.org/simple" }
sdist = { url = "https://files.pythonhosted.org/packages/b8/21/1e2a441f74a653a144224d7d21afe8f4169e6c7c20bb13aec3a2dc3815e0/isort-6.0.1.tar.gz", hash = "sha256:1cb5df28dfbc742e490c5e41bad6da41b805b0a8be7bc93cd0fb2a8a890ac450", size = 821955 }
wheels = [
    { url = "https://files.pythonhosted.org/packages/c1/11/114d0a5f4dabbdcedc1125dee0888514c3c3b16d3e9facad87ed96fad97c/isort-6.0.1-py3-none-any.whl", hash = "sha256:2dc5d7f65c9678d94c88dfc29161a320eec67328bc97aad576874cb4be1e9615", size = 94186 },
]

[[package]]
name = "jmespath"
version = "1.0.1"
source = { registry = "https://pypi.org/simple" }
sdist = { url = "https://files.pythonhosted.org/packages/00/2a/e867e8531cf3e36b41201936b7fa7ba7b5702dbef42922193f05c8976cd6/jmespath-1.0.1.tar.gz", hash = "sha256:90261b206d6defd58fdd5e85f478bf633a2901798906be2ad389150c5c60edbe", size = 25843 }
wheels = [
    { url = "https://files.pythonhosted.org/packages/31/b4/b9b800c45527aadd64d5b442f9b932b00648617eb5d63d2c7a6587b7cafc/jmespath-1.0.1-py3-none-any.whl", hash = "sha256:02e2e4cc71b5bcab88332eebf907519190dd9e6e82107fa7f83b1003a6252980", size = 20256 },
]

[[package]]
name = "ocftw-ooni-research-asn-coverage"
version = "0.1.0"
source = { virtual = "." }
dependencies = [
    { name = "arrow" },
    { name = "boto3" },
    { name = "click" },
    { name = "orjson" },
    { name = "requests" },
]

[package.dev-dependencies]
dev = [
    { name = "autopep8" },
    { name = "isort" },
]

[package.metadata]
requires-dist = [
    { name = "arrow", specifier = ">=1.3.0" },
    { name = "boto3", specifier = ">=1.37.36" },
    { name = "click", specifier = ">=8.1.8" },
    { name = "orjson", specifier = ">=3.10.16" },
    { name = "requests", specifier = ">=2.32.3" },
]

[package.metadata.requires-dev]
dev = [
    { name = "autopep8", specifier = ">=2.3.2" },
    { name = "isort", specifier = ">=6.0.1" },
]

[[package]]
name = "orjson"
version = "3.10.16"
source = { registry = "https://pypi.org/simple" }
sdist = { url = "https://files.pythonhosted.org/packages/98/c7/03913cc4332174071950acf5b0735463e3f63760c80585ef369270c2b372/orjson-3.10.16.tar.gz", hash = "sha256:d2aaa5c495e11d17b9b93205f5fa196737ee3202f000aaebf028dc9a73750f10", size = 5410415 }
wheels = [
    { url = "https://files.pythonhosted.org/packages/5d/15/67ce9d4c959c83f112542222ea3b9209c1d424231d71d74c4890ea0acd2b/orjson-3.10.16-cp312-cp312-macosx_10_15_x86_64.macosx_11_0_arm64.macosx_10_15_universal2.whl", hash = "sha256:6d3444abbfa71ba21bb042caa4b062535b122248259fdb9deea567969140abca", size = 249325 },
    { url = "https://files.pythonhosted.org/packages/da/2c/1426b06f30a1b9ada74b6f512c1ddf9d2760f53f61cdb59efeb9ad342133/orjson-3.10.16-cp312-cp312-macosx_15_0_arm64.whl", hash = "sha256:30245c08d818fdcaa48b7d5b81499b8cae09acabb216fe61ca619876b128e184", size = 133621 },
    { url = "https://files.pythonhosted.org/packages/9e/88/18d26130954bc73bee3be10f95371ea1dfb8679e0e2c46b0f6d8c6289402/orjson-3.10.16-cp312-cp312-manylinux_2_17_aarch64.manylinux2014_aarch64.whl", hash = "sha256:a0ba1d0baa71bf7579a4ccdcf503e6f3098ef9542106a0eca82395898c8a500a", size = 138270 },
    { url = "https://files.pythonhosted.org/packages/4f/f9/6d8b64fcd58fae072e80ee7981be8ba0d7c26ace954e5cd1d027fc80518f/orjson-3.10.16-cp312-cp312-manylinux_2_17_armv7l.manylinux2014_armv7l.whl", hash = "sha256:eb0beefa5ef3af8845f3a69ff2a4aa62529b5acec1cfe5f8a6b4141033fd46ef", size = 132346 },
    { url = "https://files.pythonhosted.org/packages/16/3f/2513fd5bc786f40cd12af569c23cae6381aeddbefeed2a98f0a666eb5d0d/orjson-3.10.16-cp312-cp312-manylinux_2_17_i686.manylinux2014_i686.whl", hash = "sha256:6daa0e1c9bf2e030e93c98394de94506f2a4d12e1e9dadd7c53d5e44d0f9628e", size = 136845 },
    { url = "https://files.pythonhosted.org/packages/6d/42/b0e7b36720f5ab722b48e8ccf06514d4f769358dd73c51abd8728ef58d0b/orjson-3.10.16-cp312-cp312-manylinux_2_17_ppc64le.manylinux2014_ppc64le.whl", hash = "sha256:9da9019afb21e02410ef600e56666652b73eb3e4d213a0ec919ff391a7dd52aa", size = 138078 },
    { url = "https://files.pythonhosted.org/packages/a3/a8/d220afb8a439604be74fc755dbc740bded5ed14745ca536b304ed32eb18a/orjson-3.10.16-cp312-cp312-manylinux_2_17_s390x.manylinux2014_s390x.whl", hash = "sha256:daeb3a1ee17b69981d3aae30c3b4e786b0f8c9e6c71f2b48f1aef934f63f38f4", size = 142712 },
    { url = "https://files.pythonhosted.org/packages/8c/88/7e41e9883c00f84f92fe357a8371edae816d9d7ef39c67b5106960c20389/orjson-3.10.16-cp312-cp312-manylinux_2_17_x86_64.manylinux2014_x86_64.whl", hash = "sha256:80fed80eaf0e20a31942ae5d0728849862446512769692474be5e6b73123a23b", size = 133136 },
    { url = "https://files.pythonhosted.org/packages/e9/ca/61116095307ad0be828ea26093febaf59e38596d84a9c8d765c3c5e4934f/orjson-3.10.16-cp312-cp312-musllinux_1_2_aarch64.whl", hash = "sha256:73390ed838f03764540a7bdc4071fe0123914c2cc02fb6abf35182d5fd1b7a42", size = 135258 },
    { url = "https://files.pythonhosted.org/packages/dc/1b/09493cf7d801505f094c9295f79c98c1e0af2ac01c7ed8d25b30fcb19ada/orjson-3.10.16-cp312-cp312-musllinux_1_2_armv7l.whl", hash = "sha256:a22bba012a0c94ec02a7768953020ab0d3e2b884760f859176343a36c01adf87", size = 412326 },
    { url = "https://files.pythonhosted.org/packages/ea/02/125d7bbd7f7a500190ddc8ae5d2d3c39d87ed3ed28f5b37cfe76962c678d/orjson-3.10.16-cp312-cp312-musllinux_1_2_i686.whl", hash = "sha256:5385bbfdbc90ff5b2635b7e6bebf259652db00a92b5e3c45b616df75b9058e88", size = 152800 },
    { url = "https://files.pythonhosted.org/packages/f9/09/7658a9e3e793d5b3b00598023e0fb6935d0e7bbb8ff72311c5415a8ce677/orjson-3.10.16-cp312-cp312-musllinux_1_2_x86_64.whl", hash = "sha256:02c6279016346e774dd92625d46c6c40db687b8a0d685aadb91e26e46cc33e1e", size = 137516 },
    { url = "https://files.pythonhosted.org/packages/29/87/32b7a4831e909d347278101a48d4cf9f3f25901b2295e7709df1651f65a1/orjson-3.10.16-cp312-cp312-win32.whl", hash = "sha256:7ca55097a11426db80f79378e873a8c51f4dde9ffc22de44850f9696b7eb0e8c", size = 141759 },
    { url = "https://files.pythonhosted.org/packages/35/ce/81a27e7b439b807bd393585271364cdddf50dc281fc57c4feef7ccb186a6/orjson-3.10.16-cp312-cp312-win_amd64.whl", hash = "sha256:86d127efdd3f9bf5f04809b70faca1e6836556ea3cc46e662b44dab3fe71f3d6", size = 133944 },
    { url = "https://files.pythonhosted.org/packages/87/b9/ff6aa28b8c86af9526160905593a2fe8d004ac7a5e592ee0b0ff71017511/orjson-3.10.16-cp313-cp313-macosx_10_15_x86_64.macosx_11_0_arm64.macosx_10_15_universal2.whl", hash = "sha256:148a97f7de811ba14bc6dbc4a433e0341ffd2cc285065199fb5f6a98013744bd", size = 249289 },
    { url = "https://files.pythonhosted.org/packages/6c/81/6d92a586149b52684ab8fd70f3623c91d0e6a692f30fd8c728916ab2263c/orjson-3.10.16-cp313-cp313-macosx_15_0_arm64.whl", hash = "sha256:1d960c1bf0e734ea36d0adc880076de3846aaec45ffad29b78c7f1b7962516b8", size = 133640 },
    { url = "https://files.pythonhosted.org/packages/c2/88/b72443f4793d2e16039ab85d0026677932b15ab968595fb7149750d74134/orjson-3.10.16-cp313-cp313-manylinux_2_17_aarch64.manylinux2014_aarch64.whl", hash = "sha256:a318cd184d1269f68634464b12871386808dc8b7c27de8565234d25975a7a137", size = 138286 },
    { url = "https://files.pythonhosted.org/packages/c3/3c/72a22d4b28c076c4016d5a52bd644a8e4d849d3bb0373d9e377f9e3b2250/orjson-3.10.16-cp313-cp313-manylinux_2_17_armv7l.manylinux2014_armv7l.whl", hash = "sha256:df23f8df3ef9223d1d6748bea63fca55aae7da30a875700809c500a05975522b", size = 132307 },
    { url = "https://files.pythonhosted.org/packages/8a/a2/f1259561bdb6ad7061ff1b95dab082fe32758c4bc143ba8d3d70831f0a06/orjson-3.10.16-cp313-cp313-manylinux_2_17_i686.manylinux2014_i686.whl", hash = "sha256:b94dda8dd6d1378f1037d7f3f6b21db769ef911c4567cbaa962bb6dc5021cf90", size = 136739 },
    { url = "https://files.pythonhosted.org/packages/3d/af/c7583c4b34f33d8b8b90cfaab010ff18dd64e7074cc1e117a5f1eff20dcf/orjson-3.10.16-cp313-cp313-manylinux_2_17_ppc64le.manylinux2014_ppc64le.whl", hash = "sha256:f12970a26666a8775346003fd94347d03ccb98ab8aa063036818381acf5f523e", size = 138076 },
    { url = "https://files.pythonhosted.org/packages/d7/59/d7fc7fbdd3d4a64c2eae4fc7341a5aa39cf9549bd5e2d7f6d3c07f8b715b/orjson-3.10.16-cp313-cp313-manylinux_2_17_s390x.manylinux2014_s390x.whl", hash = "sha256:15a1431a245d856bd56e4d29ea0023eb4d2c8f71efe914beb3dee8ab3f0cd7fb", size = 142643 },
    { url = "https://files.pythonhosted.org/packages/92/0e/3bd8f2197d27601f16b4464ae948826da2bcf128af31230a9dbbad7ceb57/orjson-3.10.16-cp313-cp313-manylinux_2_17_x86_64.manylinux2014_x86_64.whl", hash = "sha256:c83655cfc247f399a222567d146524674a7b217af7ef8289c0ff53cfe8db09f0", size = 133168 },
    { url = "https://files.pythonhosted.org/packages/af/a8/351fd87b664b02f899f9144d2c3dc848b33ac04a5df05234cbfb9e2a7540/orjson-3.10.16-cp313-cp313-musllinux_1_2_aarch64.whl", hash = "sha256:fa59ae64cb6ddde8f09bdbf7baf933c4cd05734ad84dcf4e43b887eb24e37652", size = 135271 },
    { url = "https://files.pythonhosted.org/packages/ba/b0/a6d42a7d412d867c60c0337d95123517dd5a9370deea705ea1be0f89389e/orjson-3.10.16-cp313-cp313-musllinux_1_2_armv7l.whl", hash = "sha256:ca5426e5aacc2e9507d341bc169d8af9c3cbe88f4cd4c1cf2f87e8564730eb56", size = 412444 },
    { url = "https://files.pythonhosted.org/packages/79/ec/7572cd4e20863f60996f3f10bc0a6da64a6fd9c35954189a914cec0b7377/orjson-3.10.16-cp313-cp313-musllinux_1_2_i686.whl", hash = "sha256:6fd5da4edf98a400946cd3a195680de56f1e7575109b9acb9493331047157430", size = 152737 },
    { url = "https://files.pythonhosted.org/packages/a9/19/ceb9e8fed5403b2e76a8ac15f581b9d25780a3be3c9b3aa54b7777a210d5/orjson-3.10.16-cp313-cp313-musllinux_1_2_x86_64.whl", hash = "sha256:980ecc7a53e567169282a5e0ff078393bac78320d44238da4e246d71a4e0e8f5", size = 137482 },
    { url = "https://files.pythonhosted.org/packages/1b/78/a78bb810f3786579dbbbd94768284cbe8f2fd65167cd7020260679665c17/orjson-3.10.16-cp313-cp313-win32.whl", hash = "sha256:28f79944dd006ac540a6465ebd5f8f45dfdf0948ff998eac7a908275b4c1add6", size = 141714 },
    { url = "https://files.pythonhosted.org/packages/81/9c/b66ce9245ff319df2c3278acd351a3f6145ef34b4a2d7f4b0f739368370f/orjson-3.10.16-cp313-cp313-win_amd64.whl", hash = "sha256:fe0a145e96d51971407cb8ba947e63ead2aa915db59d6631a355f5f2150b56b7", size = 133954 },
]

[[package]]
name = "pycodestyle"
version = "2.13.0"
source = { registry = "https://pypi.org/simple" }
sdist = { url = "https://files.pythonhosted.org/packages/04/6e/1f4a62078e4d95d82367f24e685aef3a672abfd27d1a868068fed4ed2254/pycodestyle-2.13.0.tar.gz", hash = "sha256:c8415bf09abe81d9c7f872502a6eee881fbe85d8763dd5b9924bb0a01d67efae", size = 39312 }
wheels = [
    { url = "https://files.pythonhosted.org/packages/07/be/b00116df1bfb3e0bb5b45e29d604799f7b91dd861637e4d448b4e09e6a3e/pycodestyle-2.13.0-py2.py3-none-any.whl", hash = "sha256:35863c5974a271c7a726ed228a14a4f6daf49df369d8c50cd9a6f58a5e143ba9", size = 31424 },
]

[[package]]
name = "python-dateutil"
version = "2.9.0.post0"
source = { registry = "https://pypi.org/simple" }
dependencies = [
    { name = "six" },
]
sdist = { url = "https://files.pythonhosted.org/packages/66/c0/0c8b6ad9f17a802ee498c46e004a0eb49bc148f2fd230864601a86dcf6db/python-dateutil-2.9.0.post0.tar.gz", hash = "sha256:37dd54208da7e1cd875388217d5e00ebd4179249f90fb72437e91a35459a0ad3", size = 342432 }
wheels = [
    { url = "https://files.pythonhosted.org/packages/ec/57/56b9bcc3c9c6a792fcbaf139543cee77261f3651ca9da0c93f5c1221264b/python_dateutil-2.9.0.post0-py2.py3-none-any.whl", hash = "sha256:a8b2bc7bffae282281c8140a97d3aa9c14da0b136dfe83f850eea9a5f7470427", size = 229892 },
]

[[package]]
name = "requests"
version = "2.32.3"
source = { registry = "https://pypi.org/simple" }
dependencies = [
    { name = "certifi" },
    { name = "charset-normalizer" },
    { name = "idna" },
    { name = "urllib3" },
]
sdist = { url = "https://files.pythonhosted.org/packages/63/70/2bf7780ad2d390a8d301ad0b550f1581eadbd9a20f896afe06353c2a2913/requests-2.32.3.tar.gz", hash = "sha256:55365417734eb18255590a9ff9eb97e9e1da868d4ccd6402399eaf68af20a760", size = 131218 }
wheels = [
    { url = "https://files.pythonhosted.org/packages/f9/9b/335f9764261e915ed497fcdeb11df5dfd6f7bf257d4a6a2a686d80da4d54/requests-2.32.3-py3-none-any.whl", hash = "sha256:70761cfe03c773ceb22aa2f671b4757976145175cdfca038c02654d061d6dcc6", size = 64928 },
]

[[package]]
name = "s3transfer"
version = "0.11.5"
source = { registry = "https://pypi.org/simple" }
dependencies = [
    { name = "botocore" },
]
sdist = { url = "https://files.pythonhosted.org/packages/c4/2b/5c9562795c2eb2b5f63536961754760c25bf0f34af93d36aa28dea2fb303/s3transfer-0.11.5.tar.gz", hash = "sha256:8c8aad92784779ab8688a61aefff3e28e9ebdce43142808eaa3f0b0f402f68b7", size = 149107 }
wheels = [
    { url = "https://files.pythonhosted.org/packages/45/39/13402e323666d17850eca87e4cd6ecfcf9fd7809cac9efdcce10272fc29d/s3transfer-0.11.5-py3-none-any.whl", hash = "sha256:757af0f2ac150d3c75bc4177a32355c3862a98d20447b69a0161812992fe0bd4", size = 84782 },
]

[[package]]
name = "six"
version = "1.17.0"
source = { registry = "https://pypi.org/simple" }
sdist = { url = "https://files.pythonhosted.org/packages/94/e7/b2c673351809dca68a0e064b6af791aa332cf192da575fd474ed7d6f16a2/six-1.17.0.tar.gz", hash = "sha256:ff70335d468e7eb6ec65b95b99d3a2836546063f63acc5171de367e834932a81", size = 34031 }
wheels = [
    { url = "https://files.pythonhosted.org/packages/b7/ce/149a00dd41f10bc29e5921b496af8b574d8413afcd5e30dfa0ed46c2cc5e/six-1.17.0-py2.py3-none-any.whl", hash = "sha256:4721f391ed90541fddacab5acf947aa0d3dc7d27b2e1e8eda2be8970586c3274", size = 11050 },
]

[[package]]
name = "types-python-dateutil"
version = "2.9.0.20241206"
source = { registry = "https://pypi.org/simple" }
sdist = { url = "https://files.pythonhosted.org/packages/a9/60/47d92293d9bc521cd2301e423a358abfac0ad409b3a1606d8fbae1321961/types_python_dateutil-2.9.0.20241206.tar.gz", hash = "sha256:18f493414c26ffba692a72369fea7a154c502646301ebfe3d56a04b3767284cb", size = 13802 }
wheels = [
    { url = "https://files.pythonhosted.org/packages/0f/b3/ca41df24db5eb99b00d97f89d7674a90cb6b3134c52fb8121b6d8d30f15c/types_python_dateutil-2.9.0.20241206-py3-none-any.whl", hash = "sha256:e248a4bc70a486d3e3ec84d0dc30eec3a5f979d6e7ee4123ae043eedbb987f53", size = 14384 },
]

[[package]]
name = "urllib3"
version = "2.4.0"
source = { registry = "https://pypi.org/simple" }
sdist = { url = "https://files.pythonhosted.org/packages/8a/78/16493d9c386d8e60e442a35feac5e00f0913c0f4b7c217c11e8ec2ff53e0/urllib3-2.4.0.tar.gz", hash = "sha256:414bc6535b787febd7567804cc015fee39daab8ad86268f1310a9250697de466", size = 390672 }
wheels = [
    { url = "https://files.pythonhosted.org/packages/6b/11/cc635220681e93a0183390e26485430ca2c7b5f9d33b15c74c2861cb8091/urllib3-2.4.0-py3-none-any.whl", hash = "sha256:4e16665048960a0900c702d4a66415956a584919c03361cac9f1df5c5dd7e813", size = 128680 },
]
